{
  "name": "frontend",
  "version": "1.0.0",
  "lockfileVersion": 1,
  "requires": true,
  "dependencies": {
    "notiflix": {
      "version": "2.3.3",
      "resolved": "https://registry.npmjs.org/notiflix/-/notiflix-2.3.3.tgz",
      "integrity": "sha512-1dzVRPGUi+q3P/MjZZnt8CkOjG009BoFbGUhOmz2HrWibZO7kN9EfI2UyZOnZNFwiNQ8dZVg7troEs8YZ6/3qw=="
    }
  }
}
